
Microsoft Visual Studio Solution File, Format Version 12.00
# Visual Studio Version 17
VisualStudioVersion = 17.11.35208.52
MinimumVisualStudioVersion = 10.0.40219.1
Project("{FAE04EC0-301F-11D3-BF4B-00C04F79EFBC}") = "Exam2WindowsService", "Exam2WindowsService\Exam2WindowsService.csproj", "{BFE4EC3E-7793-4252-903B-120C523669A3}"
EndProject
Global
	GlobalSection(SolutionConfigurationPlatforms) = preSolution
		Debug|Any CPU = Debug|Any CPU
		Release|Any CPU = Release|Any CPU
	EndGlobalSection
	GlobalSection(ProjectConfigurationPlatforms) = postSolution
		{BFE4EC3E-7793-4252-903B-120C523669A3}.Debug|Any CPU.ActiveCfg = Debug|Any CPU
		{BFE4EC3E-7793-4252-903B-120C523669A3}.Debug|Any CPU.Build.0 = Debug|Any CPU
		{BFE4EC3E-7793-4252-903B-120C523669A3}.Release|Any CPU.ActiveCfg = Release|Any CPU
		{BFE4EC3E-7793-4252-903B-120C523669A3}.Release|Any CPU.Build.0 = Release|Any CPU
	EndGlobalSection
	GlobalSection(SolutionProperties) = preSolution
		HideSolutionNode = FALSE
	EndGlobalSection
	GlobalSection(ExtensibilityGlobals) = postSolution
		SolutionGuid = {BCF59029-E6C2-4E40-BB8F-6267EE1597D6}
	EndGlobalSection
EndGlobal
